
Microsoft Visual Studio Solution File, Format Version 12.00
# Visual Studio Version 17
VisualStudioVersion = 17.9.34728.123
MinimumVisualStudioVersion = 10.0.40219.1
Project("{2150E333-8FDC-42A3-9474-1A3956D46DE8}") = "src", "src", "{976CD303-03A5-4B3E-ACD5-22630E9F9C6B}"
EndProject
Project("{2150E333-8FDC-42A3-9474-1A3956D46DE8}") = "tests", "tests", "{46EC7E4E-0BAA-45A4-9549-7A924116E363}"
EndProject
Project("{9A19103F-16F7-4668-BE54-9A1E7A4F7556}") = "FIAP.TechChallenge.LambdaProduto.Infra", "Infra\FIAP.TechChallenge.LambdaProduto.Infra.csproj", "{B44AC19C-9DEE-47B3-A5EF-0F858CB25B87}"
EndProject
Project("{9A19103F-16F7-4668-BE54-9A1E7A4F7556}") = "FIAP.TechChallenge.LambdaProduto.Application", "Application\FIAP.TechChallenge.LambdaProduto.Application.csproj", "{149B4A8D-D0A9-4798-95B6-2048833D3472}"
EndProject
Project("{9A19103F-16F7-4668-BE54-9A1E7A4F7556}") = "FIAP.TechChallenge.LambdaProduto.Domain", "Domain\FIAP.TechChallenge.LambdaProduto.Domain.csproj", "{5B364736-587A-44DC-9619-1BAB21AC917A}"
EndProject
Project("{9A19103F-16F7-4668-BE54-9A1E7A4F7556}") = "FIAP.TechChallenge.LambdaProduto.API", "API\FIAP.TechChallenge.LambdaProduto.API.csproj", "{9BC1B78A-5A72-4C03-B4F5-B351D8DDA3C7}"
EndProject
Project("{FAE04EC0-301F-11D3-BF4B-00C04F79EFBC}") = "FIAP.TechChallenge.LambdaProduto.UnitTests", "..\tests\UnitTests\FIAP.TechChallenge.LambdaProduto.UnitTests.csproj", "{5644D290-8936-4315-810D-B130ED4B2506}"
EndProject
Project("{FAE04EC0-301F-11D3-BF4B-00C04F79EFBC}") = "FIAP.TechChallenge.LambdaProduto.IntegrationTests", "..\tests\IntegrationTests\FIAP.TechChallenge.LambdaProduto.IntegrationTests.csproj", "{3EF7E197-4316-43B3-80B8-0910081A61F9}"
EndProject
Project("{FAE04EC0-301F-11D3-BF4B-00C04F79EFBC}") = "FIAP.TechChallenge.LambdaProduto.FunctionalTests", "..\tests\FunctionalTests\FIAP.TechChallenge.LambdaProduto.FunctionalTests.csproj", "{DC48CCF8-CF1D-4A15-95FE-FC8B29669D88}"
EndProject
Global
	GlobalSection(SolutionConfigurationPlatforms) = preSolution
		Debug|Any CPU = Debug|Any CPU
		Release|Any CPU = Release|Any CPU
	EndGlobalSection
	GlobalSection(ProjectConfigurationPlatforms) = postSolution
		{B44AC19C-9DEE-47B3-A5EF-0F858CB25B87}.Debug|Any CPU.ActiveCfg = Debug|Any CPU
		{B44AC19C-9DEE-47B3-A5EF-0F858CB25B87}.Debug|Any CPU.Build.0 = Debug|Any CPU
		{B44AC19C-9DEE-47B3-A5EF-0F858CB25B87}.Release|Any CPU.ActiveCfg = Release|Any CPU
		{B44AC19C-9DEE-47B3-A5EF-0F858CB25B87}.Release|Any CPU.Build.0 = Release|Any CPU
		{149B4A8D-D0A9-4798-95B6-2048833D3472}.Debug|Any CPU.ActiveCfg = Debug|Any CPU
		{149B4A8D-D0A9-4798-95B6-2048833D3472}.Debug|Any CPU.Build.0 = Debug|Any CPU
		{149B4A8D-D0A9-4798-95B6-2048833D3472}.Release|Any CPU.ActiveCfg = Release|Any CPU
		{149B4A8D-D0A9-4798-95B6-2048833D3472}.Release|Any CPU.Build.0 = Release|Any CPU
		{5B364736-587A-44DC-9619-1BAB21AC917A}.Debug|Any CPU.ActiveCfg = Debug|Any CPU
		{5B364736-587A-44DC-9619-1BAB21AC917A}.Debug|Any CPU.Build.0 = Debug|Any CPU
		{5B364736-587A-44DC-9619-1BAB21AC917A}.Release|Any CPU.ActiveCfg = Release|Any CPU
		{5B364736-587A-44DC-9619-1BAB21AC917A}.Release|Any CPU.Build.0 = Release|Any CPU
		{9BC1B78A-5A72-4C03-B4F5-B351D8DDA3C7}.Debug|Any CPU.ActiveCfg = Debug|Any CPU
		{9BC1B78A-5A72-4C03-B4F5-B351D8DDA3C7}.Debug|Any CPU.Build.0 = Debug|Any CPU
		{9BC1B78A-5A72-4C03-B4F5-B351D8DDA3C7}.Release|Any CPU.ActiveCfg = Release|Any CPU
		{9BC1B78A-5A72-4C03-B4F5-B351D8DDA3C7}.Release|Any CPU.Build.0 = Release|Any CPU
		{5644D290-8936-4315-810D-B130ED4B2506}.Debug|Any CPU.ActiveCfg = Debug|Any CPU
		{5644D290-8936-4315-810D-B130ED4B2506}.Debug|Any CPU.Build.0 = Debug|Any CPU
		{5644D290-8936-4315-810D-B130ED4B2506}.Release|Any CPU.ActiveCfg = Release|Any CPU
		{5644D290-8936-4315-810D-B130ED4B2506}.Release|Any CPU.Build.0 = Release|Any CPU
		{3EF7E197-4316-43B3-80B8-0910081A61F9}.Debug|Any CPU.ActiveCfg = Debug|Any CPU
		{3EF7E197-4316-43B3-80B8-0910081A61F9}.Debug|Any CPU.Build.0 = Debug|Any CPU
		{3EF7E197-4316-43B3-80B8-0910081A61F9}.Release|Any CPU.ActiveCfg = Release|Any CPU
		{3EF7E197-4316-43B3-80B8-0910081A61F9}.Release|Any CPU.Build.0 = Release|Any CPU
		{DC48CCF8-CF1D-4A15-95FE-FC8B29669D88}.Debug|Any CPU.ActiveCfg = Debug|Any CPU
		{DC48CCF8-CF1D-4A15-95FE-FC8B29669D88}.Debug|Any CPU.Build.0 = Debug|Any CPU
		{DC48CCF8-CF1D-4A15-95FE-FC8B29669D88}.Release|Any CPU.ActiveCfg = Release|Any CPU
		{DC48CCF8-CF1D-4A15-95FE-FC8B29669D88}.Release|Any CPU.Build.0 = Release|Any CPU
	EndGlobalSection
	GlobalSection(SolutionProperties) = preSolution
		HideSolutionNode = FALSE
	EndGlobalSection
	GlobalSection(NestedProjects) = preSolution
		{B44AC19C-9DEE-47B3-A5EF-0F858CB25B87} = {976CD303-03A5-4B3E-ACD5-22630E9F9C6B}
		{149B4A8D-D0A9-4798-95B6-2048833D3472} = {976CD303-03A5-4B3E-ACD5-22630E9F9C6B}
		{5B364736-587A-44DC-9619-1BAB21AC917A} = {976CD303-03A5-4B3E-ACD5-22630E9F9C6B}
		{9BC1B78A-5A72-4C03-B4F5-B351D8DDA3C7} = {976CD303-03A5-4B3E-ACD5-22630E9F9C6B}
		{5644D290-8936-4315-810D-B130ED4B2506} = {46EC7E4E-0BAA-45A4-9549-7A924116E363}
		{3EF7E197-4316-43B3-80B8-0910081A61F9} = {46EC7E4E-0BAA-45A4-9549-7A924116E363}
		{DC48CCF8-CF1D-4A15-95FE-FC8B29669D88} = {46EC7E4E-0BAA-45A4-9549-7A924116E363}
	EndGlobalSection
	GlobalSection(ExtensibilityGlobals) = postSolution
		SolutionGuid = {E361DD37-1932-48F9-BB87-DC80C4CA4ED3}
	EndGlobalSection
EndGlobal
